// !$*UTF8*$!
{
	archiveVersion = 1;
	classes = {
	};
	objectVersion = 50;
	objects = {

/* Begin PBXBuildFile section */
		A83BCB96242CCE4300417B78 /* DIAlertActionConfiguretionProtocol.swift in Sources */ = {isa = PBXBuildFile; fileRef = A83BCB95242CCE4300417B78 /* DIAlertActionConfiguretionProtocol.swift */; };
		A8413B49242B6C3F00E0DCB9 /* DIAlertAction.swift in Sources */ = {isa = PBXBuildFile; fileRef = A8413B48242B6C3F00E0DCB9 /* DIAlertAction.swift */; };
		A8422E65242A6CD600605A52 /* DIAlertViewController.framework in Frameworks */ = {isa = PBXBuildFile; fileRef = A8422E5B242A6CD600605A52 /* DIAlertViewController.framework */; };
		A8422E6A242A6CD600605A52 /* DIAlertViewControllerTests.swift in Sources */ = {isa = PBXBuildFile; fileRef = A8422E69242A6CD600605A52 /* DIAlertViewControllerTests.swift */; };
		A8422E6C242A6CD600605A52 /* DIAlertViewController.h in Headers */ = {isa = PBXBuildFile; fileRef = A8422E5E242A6CD600605A52 /* DIAlertViewController.h */; settings = {ATTRIBUTES = (Public, ); }; };
		A8422E77242A6CEF00605A52 /* DIAlertViewController.swift in Sources */ = {isa = PBXBuildFile; fileRef = A8422E75242A6CEF00605A52 /* DIAlertViewController.swift */; };
		A8422E78242A6CEF00605A52 /* DIAlertViewController.xib in Resources */ = {isa = PBXBuildFile; fileRef = A8422E76242A6CEF00605A52 /* DIAlertViewController.xib */; };
		A8422E8A242AA19C00605A52 /* DIAlertConfigurationDefault.swift in Sources */ = {isa = PBXBuildFile; fileRef = A8422E89242AA19C00605A52 /* DIAlertConfigurationDefault.swift */; };
		A8DE5A97242BCCA1003D4A46 /* DIAlertConfigurationProtocol.swift in Sources */ = {isa = PBXBuildFile; fileRef = A8DE5A96242BCCA1003D4A46 /* DIAlertConfigurationProtocol.swift */; };
		A8DE5A99242BDFB1003D4A46 /* DIAlertActionConfiguretionDefault.swift in Sources */ = {isa = PBXBuildFile; fileRef = A8DE5A98242BDFB1003D4A46 /* DIAlertActionConfiguretionDefault.swift */; };
/* End PBXBuildFile section */

/* Begin PBXContainerItemProxy section */
		A8422E66242A6CD600605A52 /* PBXContainerItemProxy */ = {
			isa = PBXContainerItemProxy;
			containerPortal = A8422E52242A6CD500605A52 /* Project object */;
			proxyType = 1;
			remoteGlobalIDString = A8422E5A242A6CD600605A52;
			remoteInfo = DIAlertViewController;
		};
/* End PBXContainerItemProxy section */

/* Begin PBXFileReference section */
		A83BCB95242CCE4300417B78 /* DIAlertActionConfiguretionProtocol.swift */ = {isa = PBXFileReference; lastKnownFileType = sourcecode.swift; path = DIAlertActionConfiguretionProtocol.swift; sourceTree = "<group>"; };
		A8413B48242B6C3F00E0DCB9 /* DIAlertAction.swift */ = {isa = PBXFileReference; lastKnownFileType = sourcecode.swift; path = DIAlertAction.swift; sourceTree = "<group>"; };
		A8422E5B242A6CD600605A52 /* DIAlertViewController.framework */ = {isa = PBXFileReference; explicitFileType = wrapper.framework; includeInIndex = 0; path = DIAlertViewController.framework; sourceTree = BUILT_PRODUCTS_DIR; };
		A8422E5E242A6CD600605A52 /* DIAlertViewController.h */ = {isa = PBXFileReference; lastKnownFileType = sourcecode.c.h; path = DIAlertViewController.h; sourceTree = "<group>"; };
		A8422E5F242A6CD600605A52 /* Info.plist */ = {isa = PBXFileReference; lastKnownFileType = text.plist.xml; path = Info.plist; sourceTree = "<group>"; };
		A8422E64242A6CD600605A52 /* DIAlertViewControllerTests.xctest */ = {isa = PBXFileReference; explicitFileType = wrapper.cfbundle; includeInIndex = 0; path = DIAlertViewControllerTests.xctest; sourceTree = BUILT_PRODUCTS_DIR; };
		A8422E69242A6CD600605A52 /* DIAlertViewControllerTests.swift */ = {isa = PBXFileReference; lastKnownFileType = sourcecode.swift; path = DIAlertViewControllerTests.swift; sourceTree = "<group>"; };
		A8422E6B242A6CD600605A52 /* Info.plist */ = {isa = PBXFileReference; lastKnownFileType = text.plist.xml; path = Info.plist; sourceTree = "<group>"; };
		A8422E75242A6CEF00605A52 /* DIAlertViewController.swift */ = {isa = PBXFileReference; lastKnownFileType = sourcecode.swift; path = DIAlertViewController.swift; sourceTree = "<group>"; };
		A8422E76242A6CEF00605A52 /* DIAlertViewController.xib */ = {isa = PBXFileReference; lastKnownFileType = file.xib; path = DIAlertViewController.xib; sourceTree = "<group>"; };
		A8422E89242AA19C00605A52 /* DIAlertConfigurationDefault.swift */ = {isa = PBXFileReference; lastKnownFileType = sourcecode.swift; path = DIAlertConfigurationDefault.swift; sourceTree = "<group>"; };
		A8DE5A96242BCCA1003D4A46 /* DIAlertConfigurationProtocol.swift */ = {isa = PBXFileReference; lastKnownFileType = sourcecode.swift; path = DIAlertConfigurationProtocol.swift; sourceTree = "<group>"; };
		A8DE5A98242BDFB1003D4A46 /* DIAlertActionConfiguretionDefault.swift */ = {isa = PBXFileReference; lastKnownFileType = sourcecode.swift; path = DIAlertActionConfiguretionDefault.swift; sourceTree = "<group>"; };
/* End PBXFileReference section */

/* Begin PBXFrameworksBuildPhase section */
		A8422E58242A6CD600605A52 /* Frameworks */ = {
			isa = PBXFrameworksBuildPhase;
			buildActionMask = 2147483647;
			files = (
			);
			runOnlyForDeploymentPostprocessing = 0;
		};
		A8422E61242A6CD600605A52 /* Frameworks */ = {
			isa = PBXFrameworksBuildPhase;
			buildActionMask = 2147483647;
			files = (
				A8422E65242A6CD600605A52 /* DIAlertViewController.framework in Frameworks */,
			);
			runOnlyForDeploymentPostprocessing = 0;
		};
/* End PBXFrameworksBuildPhase section */

/* Begin PBXGroup section */
		A83BCB97242D015600417B78 /* DefaultConfigureation */ = {
			isa = PBXGroup;
			children = (
				A8422E89242AA19C00605A52 /* DIAlertConfigurationDefault.swift */,
				A8DE5A98242BDFB1003D4A46 /* DIAlertActionConfiguretionDefault.swift */,
			);
			path = DefaultConfigureation;
			sourceTree = "<group>";
		};
		A83BCB98242D016400417B78 /* Protocol */ = {
			isa = PBXGroup;
			children = (
				A83BCB95242CCE4300417B78 /* DIAlertActionConfiguretionProtocol.swift */,
				A8DE5A96242BCCA1003D4A46 /* DIAlertConfigurationProtocol.swift */,
			);
			path = Protocol;
			sourceTree = "<group>";
		};
		A8422E51242A6CD500605A52 = {
			isa = PBXGroup;
			children = (
				A8422E5D242A6CD600605A52 /* DIAlertViewController */,
				A8422E68242A6CD600605A52 /* DIAlertViewControllerTests */,
				A8422E5C242A6CD600605A52 /* Products */,
			);
			sourceTree = "<group>";
		};
		A8422E5C242A6CD600605A52 /* Products */ = {
			isa = PBXGroup;
			children = (
				A8422E5B242A6CD600605A52 /* DIAlertViewController.framework */,
				A8422E64242A6CD600605A52 /* DIAlertViewControllerTests.xctest */,
			);
			name = Products;
			sourceTree = "<group>";
		};
		A8422E5D242A6CD600605A52 /* DIAlertViewController */ = {
			isa = PBXGroup;
			children = (
				A8422E5E242A6CD600605A52 /* DIAlertViewController.h */,
				A8422E5F242A6CD600605A52 /* Info.plist */,
				A83BCB97242D015600417B78 /* DefaultConfigureation */,
				A83BCB98242D016400417B78 /* Protocol */,
				A8413B48242B6C3F00E0DCB9 /* DIAlertAction.swift */,
				A8422E75242A6CEF00605A52 /* DIAlertViewController.swift */,
				A8422E76242A6CEF00605A52 /* DIAlertViewController.xib */,
			);
			path = DIAlertViewController;
			sourceTree = "<group>";
		};
		A8422E68242A6CD600605A52 /* DIAlertViewControllerTests */ = {
			isa = PBXGroup;
			children = (
				A8422E69242A6CD600605A52 /* DIAlertViewControllerTests.swift */,
				A8422E6B242A6CD600605A52 /* Info.plist */,
			);
			path = DIAlertViewControllerTests;
			sourceTree = "<group>";
		};
/* End PBXGroup section */

/* Begin PBXHeadersBuildPhase section */
		A8422E56242A6CD600605A52 /* Headers */ = {
			isa = PBXHeadersBuildPhase;
			buildActionMask = 2147483647;
			files = (
				A8422E6C242A6CD600605A52 /* DIAlertViewController.h in Headers */,
			);
			runOnlyForDeploymentPostprocessing = 0;
		};
/* End PBXHeadersBuildPhase section */

/* Begin PBXNativeTarget section */
		A8422E5A242A6CD600605A52 /* DIAlertViewController */ = {
			isa = PBXNativeTarget;
			buildConfigurationList = A8422E6F242A6CD600605A52 /* Build configuration list for PBXNativeTarget "DIAlertViewController" */;
			buildPhases = (
				A8422E56242A6CD600605A52 /* Headers */,
				A8422E57242A6CD600605A52 /* Sources */,
				A8422E58242A6CD600605A52 /* Frameworks */,
				A8422E59242A6CD600605A52 /* Resources */,
			);
			buildRules = (
			);
			dependencies = (
			);
			name = DIAlertViewController;
			productName = DIAlertViewController;
			productReference = A8422E5B242A6CD600605A52 /* DIAlertViewController.framework */;
			productType = "com.apple.product-type.framework";
		};
		A8422E63242A6CD600605A52 /* DIAlertViewControllerTests */ = {
			isa = PBXNativeTarget;
			buildConfigurationList = A8422E72242A6CD600605A52 /* Build configuration list for PBXNativeTarget "DIAlertViewControllerTests" */;
			buildPhases = (
				A8422E60242A6CD600605A52 /* Sources */,
				A8422E61242A6CD600605A52 /* Frameworks */,
				A8422E62242A6CD600605A52 /* Resources */,
			);
			buildRules = (
			);
			dependencies = (
				A8422E67242A6CD600605A52 /* PBXTargetDependency */,
			);
			name = DIAlertViewControllerTests;
			productName = DIAlertViewControllerTests;
			productReference = A8422E64242A6CD600605A52 /* DIAlertViewControllerTests.xctest */;
			productType = "com.apple.product-type.bundle.unit-test";
		};
/* End PBXNativeTarget section */

/* Begin PBXProject section */
		A8422E52242A6CD500605A52 /* Project object */ = {
			isa = PBXProject;
			attributes = {
				LastSwiftUpdateCheck = 1130;
				LastUpgradeCheck = 1130;
				ORGANIZATIONNAME = "Alexandr Lobanov";
				TargetAttributes = {
					A8422E5A242A6CD600605A52 = {
						CreatedOnToolsVersion = 11.3.1;
						LastSwiftMigration = 1130;
					};
					A8422E63242A6CD600605A52 = {
						CreatedOnToolsVersion = 11.3.1;
					};
				};
			};
			buildConfigurationList = A8422E55242A6CD500605A52 /* Build configuration list for PBXProject "DIAlertViewController" */;
			compatibilityVersion = "Xcode 9.3";
			developmentRegion = en;
			hasScannedForEncodings = 0;
			knownRegions = (
				en,
				Base,
			);
			mainGroup = A8422E51242A6CD500605A52;
			productRefGroup = A8422E5C242A6CD600605A52 /* Products */;
			projectDirPath = "";
			projectRoot = "";
			targets = (
				A8422E5A242A6CD600605A52 /* DIAlertViewController */,
				A8422E63242A6CD600605A52 /* DIAlertViewControllerTests */,
			);
		};
/* End PBXProject section */

/* Begin PBXResourcesBuildPhase section */
		A8422E59242A6CD600605A52 /* Resources */ = {
			isa = PBXResourcesBuildPhase;
			buildActionMask = 2147483647;
			files = (
				A8422E78242A6CEF00605A52 /* DIAlertViewController.xib in Resources */,
			);
			runOnlyForDeploymentPostprocessing = 0;
		};
		A8422E62242A6CD600605A52 /* Resources */ = {
			isa = PBXResourcesBuildPhase;
			buildActionMask = 2147483647;
			files = (
			);
			runOnlyForDeploymentPostprocessing = 0;
		};
/* End PBXResourcesBuildPhase section */

/* Begin PBXSourcesBuildPhase section */
		A8422E57242A6CD600605A52 /* Sources */ = {
			isa = PBXSourcesBuildPhase;
			buildActionMask = 2147483647;
			files = (
				A8DE5A99242BDFB1003D4A46 /* DIAlertActionConfiguretionDefault.swift in Sources */,
				A8DE5A97242BCCA1003D4A46 /* DIAlertConfigurationProtocol.swift in Sources */,
				A83BCB96242CCE4300417B78 /* DIAlertActionConfiguretionProtocol.swift in Sources */,
				A8422E77242A6CEF00605A52 /* DIAlertViewController.swift in Sources */,
				A8422E8A242AA19C00605A52 /* DIAlertConfigurationDefault.swift in Sources */,
				A8413B49242B6C3F00E0DCB9 /* DIAlertAction.swift in Sources */,
			);
			runOnlyForDeploymentPostprocessing = 0;
		};
		A8422E60242A6CD600605A52 /* Sources */ = {
			isa = PBXSourcesBuildPhase;
			buildActionMask = 2147483647;
			files = (
				A8422E6A242A6CD600605A52 /* DIAlertViewControllerTests.swift in Sources */,
			);
			runOnlyForDeploymentPostprocessing = 0;
		};
/* End PBXSourcesBuildPhase section */

/* Begin PBXTargetDependency section */
		A8422E67242A6CD600605A52 /* PBXTargetDependency */ = {
			isa = PBXTargetDependency;
			target = A8422E5A242A6CD600605A52 /* DIAlertViewController */;
			targetProxy = A8422E66242A6CD600605A52 /* PBXContainerItemProxy */;
		};
/* End PBXTargetDependency section */

/* Begin XCBuildConfiguration section */
		A8422E6D242A6CD600605A52 /* Debug */ = {
			isa = XCBuildConfiguration;
			buildSettings = {
				ALWAYS_SEARCH_USER_PATHS = NO;
				CLANG_ANALYZER_NONNULL = YES;
				CLANG_ANALYZER_NUMBER_OBJECT_CONVERSION = YES_AGGRESSIVE;
				CLANG_CXX_LANGUAGE_STANDARD = "gnu++14";
				CLANG_CXX_LIBRARY = "libc++";
				CLANG_ENABLE_MODULES = YES;
				CLANG_ENABLE_OBJC_ARC = YES;
				CLANG_ENABLE_OBJC_WEAK = YES;
				CLANG_WARN_BLOCK_CAPTURE_AUTORELEASING = YES;
				CLANG_WARN_BOOL_CONVERSION = YES;
				CLANG_WARN_COMMA = YES;
				CLANG_WARN_CONSTANT_CONVERSION = YES;
				CLANG_WARN_DEPRECATED_OBJC_IMPLEMENTATIONS = YES;
				CLANG_WARN_DIRECT_OBJC_ISA_USAGE = YES_ERROR;
				CLANG_WARN_DOCUMENTATION_COMMENTS = YES;
				CLANG_WARN_EMPTY_BODY = YES;
				CLANG_WARN_ENUM_CONVERSION = YES;
				CLANG_WARN_INFINITE_RECURSION = YES;
				CLANG_WARN_INT_CONVERSION = YES;
				CLANG_WARN_NON_LITERAL_NULL_CONVERSION = YES;
				CLANG_WARN_OBJC_IMPLICIT_RETAIN_SELF = YES;
				CLANG_WARN_OBJC_LITERAL_CONVERSION = YES;
				CLANG_WARN_OBJC_ROOT_CLASS = YES_ERROR;
				CLANG_WARN_RANGE_LOOP_ANALYSIS = YES;
				CLANG_WARN_STRICT_PROTOTYPES = YES;
				CLANG_WARN_SUSPICIOUS_MOVE = YES;
				CLANG_WARN_UNGUARDED_AVAILABILITY = YES_AGGRESSIVE;
				CLANG_WARN_UNREACHABLE_CODE = YES;
				CLANG_WARN__DUPLICATE_METHOD_MATCH = YES;
				COPY_PHASE_STRIP = NO;
				CURRENT_PROJECT_VERSION = 1;
				DEBUG_INFORMATION_FORMAT = dwarf;
				ENABLE_STRICT_OBJC_MSGSEND = YES;
				ENABLE_TESTABILITY = YES;
				GCC_C_LANGUAGE_STANDARD = gnu11;
				GCC_DYNAMIC_NO_PIC = NO;
				GCC_NO_COMMON_BLOCKS = YES;
				GCC_OPTIMIZATION_LEVEL = 0;
				GCC_PREPROCESSOR_DEFINITIONS = (
					"DEBUG=1",
					"$(inherited)",
				);
				GCC_WARN_64_TO_32_BIT_CONVERSION = YES;
				GCC_WARN_ABOUT_RETURN_TYPE = YES_ERROR;
				GCC_WARN_UNDECLARED_SELECTOR = YES;
				GCC_WARN_UNINITIALIZED_AUTOS = YES_AGGRESSIVE;
				GCC_WARN_UNUSED_FUNCTION = YES;
				GCC_WARN_UNUSED_VARIABLE = YES;
				IPHONEOS_DEPLOYMENT_TARGET = 13.2;
				MTL_ENABLE_DEBUG_INFO = INCLUDE_SOURCE;
				MTL_FAST_MATH = YES;
				ONLY_ACTIVE_ARCH = YES;
				SDKROOT = iphoneos;
				SWIFT_ACTIVE_COMPILATION_CONDITIONS = DEBUG;
				SWIFT_OPTIMIZATION_LEVEL = "-Onone";
				VERSIONING_SYSTEM = "apple-generic";
				VERSION_INFO_PREFIX = "";
			};
			name = Debug;
		};
		A8422E6E242A6CD600605A52 /* Release */ = {
			isa = XCBuildConfiguration;
			buildSettings = {
				ALWAYS_SEARCH_USER_PATHS = NO;
				CLANG_ANALYZER_NONNULL = YES;
				CLANG_ANALYZER_NUMBER_OBJECT_CONVERSION = YES_AGGRESSIVE;
				CLANG_CXX_LANGUAGE_STANDARD = "gnu++14";
				CLANG_CXX_LIBRARY = "libc++";
				CLANG_ENABLE_MODULES = YES;
				CLANG_ENABLE_OBJC_ARC = YES;
				CLANG_ENABLE_OBJC_WEAK = YES;
				CLANG_WARN_BLOCK_CAPTURE_AUTORELEASING = YES;
				CLANG_WARN_BOOL_CONVERSION = YES;
				CLANG_WARN_COMMA = YES;
				CLANG_WARN_CONSTANT_CONVERSION = YES;
				CLANG_WARN_DEPRECATED_OBJC_IMPLEMENTATIONS = YES;
				CLANG_WARN_DIRECT_OBJC_ISA_USAGE = YES_ERROR;
				CLANG_WARN_DOCUMENTATION_COMMENTS = YES;
				CLANG_WARN_EMPTY_BODY = YES;
				CLANG_WARN_ENUM_CONVERSION = YES;
				CLANG_WARN_INFINITE_RECURSION = YES;
				CLANG_WARN_INT_CONVERSION = YES;
				CLANG_WARN_NON_LITERAL_NULL_CONVERSION = YES;
				CLANG_WARN_OBJC_IMPLICIT_RETAIN_SELF = YES;
				CLANG_WARN_OBJC_LITERAL_CONVERSION = YES;
				CLANG_WARN_OBJC_ROOT_CLASS = YES_ERROR;
				CLANG_WARN_RANGE_LOOP_ANALYSIS = YES;
				CLANG_WARN_STRICT_PROTOTYPES = YES;
				CLANG_WARN_SUSPICIOUS_MOVE = YES;
				CLANG_WARN_UNGUARDED_AVAILABILITY = YES_AGGRESSIVE;
				CLANG_WARN_UNREACHABLE_CODE = YES;
				CLANG_WARN__DUPLICATE_METHOD_MATCH = YES;
				COPY_PHASE_STRIP = NO;
				CURRENT_PROJECT_VERSION = 1;
				DEBUG_INFORMATION_FORMAT = "dwarf-with-dsym";
				ENABLE_NS_ASSERTIONS = NO;
				ENABLE_STRICT_OBJC_MSGSEND = YES;
				GCC_C_LANGUAGE_STANDARD = gnu11;
				GCC_NO_COMMON_BLOCKS = YES;
				GCC_WARN_64_TO_32_BIT_CONVERSION = YES;
				GCC_WARN_ABOUT_RETURN_TYPE = YES_ERROR;
				GCC_WARN_UNDECLARED_SELECTOR = YES;
				GCC_WARN_UNINITIALIZED_AUTOS = YES_AGGRESSIVE;
				GCC_WARN_UNUSED_FUNCTION = YES;
				GCC_WARN_UNUSED_VARIABLE = YES;
				IPHONEOS_DEPLOYMENT_TARGET = 13.2;
				MTL_ENABLE_DEBUG_INFO = NO;
				MTL_FAST_MATH = YES;
				SDKROOT = iphoneos;
				SWIFT_COMPILATION_MODE = wholemodule;
				SWIFT_OPTIMIZATION_LEVEL = "-O";
				VALIDATE_PRODUCT = YES;
				VERSIONING_SYSTEM = "apple-generic";
				VERSION_INFO_PREFIX = "";
			};
			name = Release;
		};
		A8422E70242A6CD600605A52 /* Debug */ = {
			isa = XCBuildConfiguration;
			buildSettings = {
				CLANG_ENABLE_MODULES = YES;
				CODE_SIGN_STYLE = Automatic;
				DEFINES_MODULE = YES;
				DEVELOPMENT_TEAM = PG7L77DKWJ;
				DYLIB_COMPATIBILITY_VERSION = 1;
				DYLIB_CURRENT_VERSION = 1;
				DYLIB_INSTALL_NAME_BASE = "@rpath";
				INFOPLIST_FILE = DIAlertViewController/Info.plist;
				INSTALL_PATH = "$(LOCAL_LIBRARY_DIR)/Frameworks";
				LD_RUNPATH_SEARCH_PATHS = (
					"$(inherited)",
					"@executable_path/Frameworks",
					"@loader_path/Frameworks",
				);
				PRODUCT_BUNDLE_IDENTIFIER = lobanov.alexandr.DIAlertViewController;
				PRODUCT_NAME = "$(TARGET_NAME:c99extidentifier)";
				SKIP_INSTALL = YES;
				SWIFT_OPTIMIZATION_LEVEL = "-Onone";
				SWIFT_VERSION = 5.0;
				TARGETED_DEVICE_FAMILY = "1,2";
			};
			name = Debug;
		};
		A8422E71242A6CD600605A52 /* Release */ = {
			isa = XCBuildConfiguration;
			buildSettings = {
				CLANG_ENABLE_MODULES = YES;
				CODE_SIGN_STYLE = Automatic;
				DEFINES_MODULE = YES;
				DEVELOPMENT_TEAM = PG7L77DKWJ;
				DYLIB_COMPATIBILITY_VERSION = 1;
				DYLIB_CURRENT_VERSION = 1;
				DYLIB_INSTALL_NAME_BASE = "@rpath";
				INFOPLIST_FILE = DIAlertViewController/Info.plist;
				INSTALL_PATH = "$(LOCAL_LIBRARY_DIR)/Frameworks";
				LD_RUNPATH_SEARCH_PATHS = (
					"$(inherited)",
					"@executable_path/Frameworks",
					"@loader_path/Frameworks",
				);
				PRODUCT_BUNDLE_IDENTIFIER = lobanov.alexandr.DIAlertViewController;
				PRODUCT_NAME = "$(TARGET_NAME:c99extidentifier)";
				SKIP_INSTALL = YES;
				SWIFT_VERSION = 5.0;
				TARGETED_DEVICE_FAMILY = "1,2";
			};
			name = Release;
		};
		A8422E73242A6CD600605A52 /* Debug */ = {
			isa = XCBuildConfiguration;
			buildSettings = {
				ALWAYS_EMBED_SWIFT_STANDARD_LIBRARIES = YES;
				CODE_SIGN_STYLE = Automatic;
				DEVELOPMENT_TEAM = PG7L77DKWJ;
				INFOPLIST_FILE = DIAlertViewControllerTests/Info.plist;
				LD_RUNPATH_SEARCH_PATHS = (
					"$(inherited)",
					"@executable_path/Frameworks",
					"@loader_path/Frameworks",
				);
				PRODUCT_BUNDLE_IDENTIFIER = lobanov.alexandr.DIAlertViewControllerTests;
				PRODUCT_NAME = "$(TARGET_NAME)";
				SWIFT_VERSION = 5.0;
				TARGETED_DEVICE_FAMILY = "1,2";
			};
			name = Debug;
		};
		A8422E74242A6CD600605A52 /* Release */ = {
			isa = XCBuildConfiguration;
			buildSettings = {
				ALWAYS_EMBED_SWIFT_STANDARD_LIBRARIES = YES;
				CODE_SIGN_STYLE = Automatic;
				DEVELOPMENT_TEAM = PG7L77DKWJ;
				INFOPLIST_FILE = DIAlertViewControllerTests/Info.plist;
				LD_RUNPATH_SEARCH_PATHS = (
					"$(inherited)",
					"@executable_path/Frameworks",
					"@loader_path/Frameworks",
				);
				PRODUCT_BUNDLE_IDENTIFIER = lobanov.alexandr.DIAlertViewControllerTests;
				PRODUCT_NAME = "$(TARGET_NAME)";
				SWIFT_VERSION = 5.0;
				TARGETED_DEVICE_FAMILY = "1,2";
			};
			name = Release;
		};
/* End XCBuildConfiguration section */

/* Begin XCConfigurationList section */
		A8422E55242A6CD500605A52 /* Build configuration list for PBXProject "DIAlertViewController" */ = {
			isa = XCConfigurationList;
			buildConfigurations = (
				A8422E6D242A6CD600605A52 /* Debug */,
				A8422E6E242A6CD600605A52 /* Release */,
			);
			defaultConfigurationIsVisible = 0;
			defaultConfigurationName = Release;
		};
		A8422E6F242A6CD600605A52 /* Build configuration list for PBXNativeTarget "DIAlertViewController" */ = {
			isa = XCConfigurationList;
			buildConfigurations = (
				A8422E70242A6CD600605A52 /* Debug */,
				A8422E71242A6CD600605A52 /* Release */,
			);
			defaultConfigurationIsVisible = 0;
			defaultConfigurationName = Release;
		};
		A8422E72242A6CD600605A52 /* Build configuration list for PBXNativeTarget "DIAlertViewControllerTests" */ = {
			isa = XCConfigurationList;
			buildConfigurations = (
				A8422E73242A6CD600605A52 /* Debug */,
				A8422E74242A6CD600605A52 /* Release */,
			);
			defaultConfigurationIsVisible = 0;
			defaultConfigurationName = Release;
		};
/* End XCConfigurationList section */
	};
	rootObject = A8422E52242A6CD500605A52 /* Project object */;
}
